// !$*UTF8*$!
{
	archiveVersion = 1;
	classes = {
	};
	objectVersion = 56;
	objects = {

/* Begin PBXBuildFile section */
		A85677292BB1FAA600A49DEE /* AppDelegate.swift in Sources */ = {isa = PBXBuildFile; fileRef = A85677282BB1FAA600A49DEE /* AppDelegate.swift */; };
		A856772B2BB1FAA600A49DEE /* SceneDelegate.swift in Sources */ = {isa = PBXBuildFile; fileRef = A856772A2BB1FAA600A49DEE /* SceneDelegate.swift */; };
		A856772D2BB1FAA600A49DEE /* ViewController.swift in Sources */ = {isa = PBXBuildFile; fileRef = A856772C2BB1FAA600A49DEE /* ViewController.swift */; };
		A85677302BB1FAA600A49DEE /* Base in Resources */ = {isa = PBXBuildFile; fileRef = A856772F2BB1FAA600A49DEE /* Base */; };
		A85677322BB1FAA800A49DEE /* Assets.xcassets in Resources */ = {isa = PBXBuildFile; fileRef = A85677312BB1FAA800A49DEE /* Assets.xcassets */; };
		A85677352BB1FAA800A49DEE /* Base in Resources */ = {isa = PBXBuildFile; fileRef = A85677342BB1FAA800A49DEE /* Base */; };
		A856773D2BB20DFF00A49DEE /* WeatherInfo_Model.swift in Sources */ = {isa = PBXBuildFile; fileRef = A856773C2BB20DFF00A49DEE /* WeatherInfo_Model.swift */; };
		A8875ADB2BB2165200077375 /* Secrets.plist in Resources */ = {isa = PBXBuildFile; fileRef = A8875ADA2BB2165200077375 /* Secrets.plist */; };
/* End PBXBuildFile section */

/* Begin PBXFileReference section */
		A85677252BB1FAA600A49DEE /* Weather_API_App.app */ = {isa = PBXFileReference; explicitFileType = wrapper.application; includeInIndex = 0; path = Weather_API_App.app; sourceTree = BUILT_PRODUCTS_DIR; };
		A85677282BB1FAA600A49DEE /* AppDelegate.swift */ = {isa = PBXFileReference; lastKnownFileType = sourcecode.swift; path = AppDelegate.swift; sourceTree = "<group>"; };
		A856772A2BB1FAA600A49DEE /* SceneDelegate.swift */ = {isa = PBXFileReference; lastKnownFileType = sourcecode.swift; path = SceneDelegate.swift; sourceTree = "<group>"; };
		A856772C2BB1FAA600A49DEE /* ViewController.swift */ = {isa = PBXFileReference; lastKnownFileType = sourcecode.swift; path = ViewController.swift; sourceTree = "<group>"; };
		A856772F2BB1FAA600A49DEE /* Base */ = {isa = PBXFileReference; lastKnownFileType = file.storyboard; name = Base; path = Base.lproj/Main.storyboard; sourceTree = "<group>"; };
		A85677312BB1FAA800A49DEE /* Assets.xcassets */ = {isa = PBXFileReference; lastKnownFileType = folder.assetcatalog; path = Assets.xcassets; sourceTree = "<group>"; };
		A85677342BB1FAA800A49DEE /* Base */ = {isa = PBXFileReference; lastKnownFileType = file.storyboard; name = Base; path = Base.lproj/LaunchScreen.storyboard; sourceTree = "<group>"; };
		A85677362BB1FAA800A49DEE /* Info.plist */ = {isa = PBXFileReference; lastKnownFileType = text.plist.xml; path = Info.plist; sourceTree = "<group>"; };
		A856773C2BB20DFF00A49DEE /* WeatherInfo_Model.swift */ = {isa = PBXFileReference; lastKnownFileType = sourcecode.swift; path = WeatherInfo_Model.swift; sourceTree = "<group>"; };
		A8875ADA2BB2165200077375 /* Secrets.plist */ = {isa = PBXFileReference; lastKnownFileType = text.plist.xml; path = Secrets.plist; sourceTree = "<group>"; };
/* End PBXFileReference section */

/* Begin PBXFrameworksBuildPhase section */
		A85677222BB1FAA600A49DEE /* Frameworks */ = {
			isa = PBXFrameworksBuildPhase;
			buildActionMask = 2147483647;
			files = (
			);
			runOnlyForDeploymentPostprocessing = 0;
		};
/* End PBXFrameworksBuildPhase section */

/* Begin PBXGroup section */
		A856771C2BB1FAA600A49DEE = {
			isa = PBXGroup;
			children = (
				A85677272BB1FAA600A49DEE /* Weather_API_App */,
				A85677262BB1FAA600A49DEE /* Products */,
			);
			sourceTree = "<group>";
		};
		A85677262BB1FAA600A49DEE /* Products */ = {
			isa = PBXGroup;
			children = (
				A85677252BB1FAA600A49DEE /* Weather_API_App.app */,
			);
			name = Products;
			sourceTree = "<group>";
		};
		A85677272BB1FAA600A49DEE /* Weather_API_App */ = {
			isa = PBXGroup;
			children = (
				A856773C2BB20DFF00A49DEE /* WeatherInfo_Model.swift */,
				A85677282BB1FAA600A49DEE /* AppDelegate.swift */,
				A856772A2BB1FAA600A49DEE /* SceneDelegate.swift */,
				A856772C2BB1FAA600A49DEE /* ViewController.swift */,
				A856772E2BB1FAA600A49DEE /* Main.storyboard */,
				A85677312BB1FAA800A49DEE /* Assets.xcassets */,
				A85677332BB1FAA800A49DEE /* LaunchScreen.storyboard */,
				A85677362BB1FAA800A49DEE /* Info.plist */,
				A8875ADA2BB2165200077375 /* Secrets.plist */,
			);
			path = Weather_API_App;
			sourceTree = "<group>";
		};
/* End PBXGroup section */

/* Begin PBXNativeTarget section */
		A85677242BB1FAA600A49DEE /* Weather_API_App */ = {
			isa = PBXNativeTarget;
			buildConfigurationList = A85677392BB1FAA800A49DEE /* Build configuration list for PBXNativeTarget "Weather_API_App" */;
			buildPhases = (
				A85677212BB1FAA600A49DEE /* Sources */,
				A85677222BB1FAA600A49DEE /* Frameworks */,
				A85677232BB1FAA600A49DEE /* Resources */,
			);
			buildRules = (
			);
			dependencies = (
			);
			name = Weather_API_App;
			productName = Weather_API_App;
			productReference = A85677252BB1FAA600A49DEE /* Weather_API_App.app */;
			productType = "com.apple.product-type.application";
		};
/* End PBXNativeTarget section */

/* Begin PBXProject section */
		A856771D2BB1FAA600A49DEE /* Project object */ = {
			isa = PBXProject;
			attributes = {
				BuildIndependentTargetsInParallel = 1;
				LastSwiftUpdateCheck = 1530;
				LastUpgradeCheck = 1530;
				TargetAttributes = {
					A85677242BB1FAA600A49DEE = {
						CreatedOnToolsVersion = 15.3;
					};
				};
			};
			buildConfigurationList = A85677202BB1FAA600A49DEE /* Build configuration list for PBXProject "Weather_API_App" */;
			compatibilityVersion = "Xcode 14.0";
			developmentRegion = en;
			hasScannedForEncodings = 0;
			knownRegions = (
				en,
				Base,
			);
			mainGroup = A856771C2BB1FAA600A49DEE;
			productRefGroup = A85677262BB1FAA600A49DEE /* Products */;
			projectDirPath = "";
			projectRoot = "";
			targets = (
				A85677242BB1FAA600A49DEE /* Weather_API_App */,
			);
		};
/* End PBXProject section */

/* Begin PBXResourcesBuildPhase section */
		A85677232BB1FAA600A49DEE /* Resources */ = {
			isa = PBXResourcesBuildPhase;
			buildActionMask = 2147483647;
			files = (
				A8875ADB2BB2165200077375 /* Secrets.plist in Resources */,
				A85677322BB1FAA800A49DEE /* Assets.xcassets in Resources */,
				A85677352BB1FAA800A49DEE /* Base in Resources */,
				A85677302BB1FAA600A49DEE /* Base in Resources */,
			);
			runOnlyForDeploymentPostprocessing = 0;
		};
/* End PBXResourcesBuildPhase section */

/* Begin PBXSourcesBuildPhase section */
		A85677212BB1FAA600A49DEE /* Sources */ = {
			isa = PBXSourcesBuildPhase;
			buildActionMask = 2147483647;
			files = (
				A856772D2BB1FAA600A49DEE /* ViewController.swift in Sources */,
				A85677292BB1FAA600A49DEE /* AppDelegate.swift in Sources */,
				A856772B2BB1FAA600A49DEE /* SceneDelegate.swift in Sources */,
				A856773D2BB20DFF00A49DEE /* WeatherInfo_Model.swift in Sources */,
			);
			runOnlyForDeploymentPostprocessing = 0;
		};
/* End PBXSourcesBuildPhase section */

/* Begin PBXVariantGroup section */
		A856772E2BB1FAA600A49DEE /* Main.storyboard */ = {
			isa = PBXVariantGroup;
			children = (
				A856772F2BB1FAA600A49DEE /* Base */,
			);
			name = Main.storyboard;
			sourceTree = "<group>";
		};
		A85677332BB1FAA800A49DEE /* LaunchScreen.storyboard */ = {
			isa = PBXVariantGroup;
			children = (
				A85677342BB1FAA800A49DEE /* Base */,
			);
			name = LaunchScreen.storyboard;
			sourceTree = "<group>";
		};
/* End PBXVariantGroup section */

/* Begin XCBuildConfiguration section */
		A85677372BB1FAA800A49DEE /* Debug */ = {
			isa = XCBuildConfiguration;
			buildSettings = {
				ALWAYS_SEARCH_USER_PATHS = NO;
				ASSETCATALOG_COMPILER_GENERATE_SWIFT_ASSET_SYMBOL_EXTENSIONS = YES;
				CLANG_ANALYZER_NONNULL = YES;
				CLANG_ANALYZER_NUMBER_OBJECT_CONVERSION = YES_AGGRESSIVE;
				CLANG_CXX_LANGUAGE_STANDARD = "gnu++20";
				CLANG_ENABLE_MODULES = YES;
				CLANG_ENABLE_OBJC_ARC = YES;
				CLANG_ENABLE_OBJC_WEAK = YES;
				CLANG_WARN_BLOCK_CAPTURE_AUTORELEASING = YES;
				CLANG_WARN_BOOL_CONVERSION = YES;
				CLANG_WARN_COMMA = YES;
				CLANG_WARN_CONSTANT_CONVERSION = YES;
				CLANG_WARN_DEPRECATED_OBJC_IMPLEMENTATIONS = YES;
				CLANG_WARN_DIRECT_OBJC_ISA_USAGE = YES_ERROR;
				CLANG_WARN_DOCUMENTATION_COMMENTS = YES;
				CLANG_WARN_EMPTY_BODY = YES;
				CLANG_WARN_ENUM_CONVERSION = YES;
				CLANG_WARN_INFINITE_RECURSION = YES;
				CLANG_WARN_INT_CONVERSION = YES;
				CLANG_WARN_NON_LITERAL_NULL_CONVERSION = YES;
				CLANG_WARN_OBJC_IMPLICIT_RETAIN_SELF = YES;
				CLANG_WARN_OBJC_LITERAL_CONVERSION = YES;
				CLANG_WARN_OBJC_ROOT_CLASS = YES_ERROR;
				CLANG_WARN_QUOTED_INCLUDE_IN_FRAMEWORK_HEADER = YES;
				CLANG_WARN_RANGE_LOOP_ANALYSIS = YES;
				CLANG_WARN_STRICT_PROTOTYPES = YES;
				CLANG_WARN_SUSPICIOUS_MOVE = YES;
				CLANG_WARN_UNGUARDED_AVAILABILITY = YES_AGGRESSIVE;
				CLANG_WARN_UNREACHABLE_CODE = YES;
				CLANG_WARN__DUPLICATE_METHOD_MATCH = YES;
				COPY_PHASE_STRIP = NO;
				DEBUG_INFORMATION_FORMAT = dwarf;
				ENABLE_STRICT_OBJC_MSGSEND = YES;
				ENABLE_TESTABILITY = YES;
				ENABLE_USER_SCRIPT_SANDBOXING = YES;
				GCC_C_LANGUAGE_STANDARD = gnu17;
				GCC_DYNAMIC_NO_PIC = NO;
				GCC_NO_COMMON_BLOCKS = YES;
				GCC_OPTIMIZATION_LEVEL = 0;
				GCC_PREPROCESSOR_DEFINITIONS = (
					"DEBUG=1",
					"$(inherited)",
				);
				GCC_WARN_64_TO_32_BIT_CONVERSION = YES;
				GCC_WARN_ABOUT_RETURN_TYPE = YES_ERROR;
				GCC_WARN_UNDECLARED_SELECTOR = YES;
				GCC_WARN_UNINITIALIZED_AUTOS = YES_AGGRESSIVE;
				GCC_WARN_UNUSED_FUNCTION = YES;
				GCC_WARN_UNUSED_VARIABLE = YES;
				IPHONEOS_DEPLOYMENT_TARGET = 17.3;
				LOCALIZATION_PREFERS_STRING_CATALOGS = YES;
				MTL_ENABLE_DEBUG_INFO = INCLUDE_SOURCE;
				MTL_FAST_MATH = YES;
				ONLY_ACTIVE_ARCH = YES;
				SDKROOT = iphoneos;
				SWIFT_ACTIVE_COMPILATION_CONDITIONS = "DEBUG $(inherited)";
				SWIFT_OPTIMIZATION_LEVEL = "-Onone";
			};
			name = Debug;
		};
		A85677382BB1FAA800A49DEE /* Release */ = {
			isa = XCBuildConfiguration;
			buildSettings = {
				ALWAYS_SEARCH_USER_PATHS = NO;
				ASSETCATALOG_COMPILER_GENERATE_SWIFT_ASSET_SYMBOL_EXTENSIONS = YES;
				CLANG_ANALYZER_NONNULL = YES;
				CLANG_ANALYZER_NUMBER_OBJECT_CONVERSION = YES_AGGRESSIVE;
				CLANG_CXX_LANGUAGE_STANDARD = "gnu++20";
				CLANG_ENABLE_MODULES = YES;
				CLANG_ENABLE_OBJC_ARC = YES;
				CLANG_ENABLE_OBJC_WEAK = YES;
				CLANG_WARN_BLOCK_CAPTURE_AUTORELEASING = YES;
				CLANG_WARN_BOOL_CONVERSION = YES;
				CLANG_WARN_COMMA = YES;
				CLANG_WARN_CONSTANT_CONVERSION = YES;
				CLANG_WARN_DEPRECATED_OBJC_IMPLEMENTATIONS = YES;
				CLANG_WARN_DIRECT_OBJC_ISA_USAGE = YES_ERROR;
				CLANG_WARN_DOCUMENTATION_COMMENTS = YES;
				CLANG_WARN_EMPTY_BODY = YES;
				CLANG_WARN_ENUM_CONVERSION = YES;
				CLANG_WARN_INFINITE_RECURSION = YES;
				CLANG_WARN_INT_CONVERSION = YES;
				CLANG_WARN_NON_LITERAL_NULL_CONVERSION = YES;
				CLANG_WARN_OBJC_IMPLICIT_RETAIN_SELF = YES;
				CLANG_WARN_OBJC_LITERAL_CONVERSION = YES;
				CLANG_WARN_OBJC_ROOT_CLASS = YES_ERROR;
				CLANG_WARN_QUOTED_INCLUDE_IN_FRAMEWORK_HEADER = YES;
				CLANG_WARN_RANGE_LOOP_ANALYSIS = YES;
				CLANG_WARN_STRICT_PROTOTYPES = YES;
				CLANG_WARN_SUSPICIOUS_MOVE = YES;
				CLANG_WARN_UNGUARDED_AVAILABILITY = YES_AGGRESSIVE;
				CLANG_WARN_UNREACHABLE_CODE = YES;
				CLANG_WARN__DUPLICATE_METHOD_MATCH = YES;
				COPY_PHASE_STRIP = NO;
				DEBUG_INFORMATION_FORMAT = "dwarf-with-dsym";
				ENABLE_NS_ASSERTIONS = NO;
				ENABLE_STRICT_OBJC_MSGSEND = YES;
				ENABLE_USER_SCRIPT_SANDBOXING = YES;
				GCC_C_LANGUAGE_STANDARD = gnu17;
				GCC_NO_COMMON_BLOCKS = YES;
				GCC_WARN_64_TO_32_BIT_CONVERSION = YES;
				GCC_WARN_ABOUT_RETURN_TYPE = YES_ERROR;
				GCC_WARN_UNDECLARED_SELECTOR = YES;
				GCC_WARN_UNINITIALIZED_AUTOS = YES_AGGRESSIVE;
				GCC_WARN_UNUSED_FUNCTION = YES;
				GCC_WARN_UNUSED_VARIABLE = YES;
				IPHONEOS_DEPLOYMENT_TARGET = 17.3;
				LOCALIZATION_PREFERS_STRING_CATALOGS = YES;
				MTL_ENABLE_DEBUG_INFO = NO;
				MTL_FAST_MATH = YES;
				SDKROOT = iphoneos;
				SWIFT_COMPILATION_MODE = wholemodule;
				VALIDATE_PRODUCT = YES;
			};
			name = Release;
		};
		A856773A2BB1FAA800A49DEE /* Debug */ = {
			isa = XCBuildConfiguration;
			buildSettings = {
				ASSETCATALOG_COMPILER_APPICON_NAME = AppIcon;
				ASSETCATALOG_COMPILER_GLOBAL_ACCENT_COLOR_NAME = AccentColor;
				CODE_SIGN_STYLE = Automatic;
				CURRENT_PROJECT_VERSION = 1;
				DEVELOPMENT_TEAM = 4DWV94Z6J6;
				GENERATE_INFOPLIST_FILE = YES;
				INFOPLIST_FILE = Weather_API_App/Info.plist;
				INFOPLIST_KEY_UIApplicationSupportsIndirectInputEvents = YES;
				INFOPLIST_KEY_UILaunchStoryboardName = LaunchScreen;
				INFOPLIST_KEY_UIMainStoryboardFile = Main;
				INFOPLIST_KEY_UISupportedInterfaceOrientations_iPad = "UIInterfaceOrientationPortrait UIInterfaceOrientationPortraitUpsideDown UIInterfaceOrientationLandscapeLeft UIInterfaceOrientationLandscapeRight";
				INFOPLIST_KEY_UISupportedInterfaceOrientations_iPhone = "UIInterfaceOrientationPortrait UIInterfaceOrientationLandscapeLeft UIInterfaceOrientationLandscapeRight";
				LD_RUNPATH_SEARCH_PATHS = (
					"$(inherited)",
					"@executable_path/Frameworks",
				);
				MARKETING_VERSION = 1.0;
				PRODUCT_BUNDLE_IDENTIFIER = "Project-Study.Weather-API-App";
				PRODUCT_NAME = "$(TARGET_NAME)";
				SWIFT_EMIT_LOC_STRINGS = YES;
				SWIFT_VERSION = 5.0;
				TARGETED_DEVICE_FAMILY = "1,2";
			};
			name = Debug;
		};
		A856773B2BB1FAA800A49DEE /* Release */ = {
			isa = XCBuildConfiguration;
			buildSettings = {
				ASSETCATALOG_COMPILER_APPICON_NAME = AppIcon;
				ASSETCATALOG_COMPILER_GLOBAL_ACCENT_COLOR_NAME = AccentColor;
				CODE_SIGN_STYLE = Automatic;
				CURRENT_PROJECT_VERSION = 1;
				DEVELOPMENT_TEAM = 4DWV94Z6J6;
				GENERATE_INFOPLIST_FILE = YES;
				INFOPLIST_FILE = Weather_API_App/Info.plist;
				INFOPLIST_KEY_UIApplicationSupportsIndirectInputEvents = YES;
				INFOPLIST_KEY_UILaunchStoryboardName = LaunchScreen;
				INFOPLIST_KEY_UIMainStoryboardFile = Main;
				INFOPLIST_KEY_UISupportedInterfaceOrientations_iPad = "UIInterfaceOrientationPortrait UIInterfaceOrientationPortraitUpsideDown UIInterfaceOrientationLandscapeLeft UIInterfaceOrientationLandscapeRight";
				INFOPLIST_KEY_UISupportedInterfaceOrientations_iPhone = "UIInterfaceOrientationPortrait UIInterfaceOrientationLandscapeLeft UIInterfaceOrientationLandscapeRight";
				LD_RUNPATH_SEARCH_PATHS = (
					"$(inherited)",
					"@executable_path/Frameworks",
				);
				MARKETING_VERSION = 1.0;
				PRODUCT_BUNDLE_IDENTIFIER = "Project-Study.Weather-API-App";
				PRODUCT_NAME = "$(TARGET_NAME)";
				SWIFT_EMIT_LOC_STRINGS = YES;
				SWIFT_VERSION = 5.0;
				TARGETED_DEVICE_FAMILY = "1,2";
			};
			name = Release;
		};
/* End XCBuildConfiguration section */

/* Begin XCConfigurationList section */
		A85677202BB1FAA600A49DEE /* Build configuration list for PBXProject "Weather_API_App" */ = {
			isa = XCConfigurationList;
			buildConfigurations = (
				A85677372BB1FAA800A49DEE /* Debug */,
				A85677382BB1FAA800A49DEE /* Release */,
			);
			defaultConfigurationIsVisible = 0;
			defaultConfigurationName = Release;
		};
		A85677392BB1FAA800A49DEE /* Build configuration list for PBXNativeTarget "Weather_API_App" */ = {
			isa = XCConfigurationList;
			buildConfigurations = (
				A856773A2BB1FAA800A49DEE /* Debug */,
				A856773B2BB1FAA800A49DEE /* Release */,
			);
			defaultConfigurationIsVisible = 0;
			defaultConfigurationName = Release;
		};
/* End XCConfigurationList section */
	};
	rootObject = A856771D2BB1FAA600A49DEE /* Project object */;
}
